// !$*UTF8*$!
{
	archiveVersion = 1;
	classes = {
	};
	objectVersion = 46;
	objects = {

/* Begin PBXBuildFile section */
		7DB290EC1DEBA57600C5A9E5 /* Assets.xcassets in Resources */ = {isa = PBXBuildFile; fileRef = 7DB290EB1DEBA57600C5A9E5 /* Assets.xcassets */; };
		7DB290F31DEBA57600C5A9E5 /* MessagesExtension.appex in Embed App Extensions */ = {isa = PBXBuildFile; fileRef = 7DB290F21DEBA57600C5A9E5 /* MessagesExtension.appex */; settings = {ATTRIBUTES = (RemoveHeadersOnCopy, ); }; };
		7DB290F81DEBA57600C5A9E5 /* Messages.framework in Frameworks */ = {isa = PBXBuildFile; fileRef = 7DB290F71DEBA57600C5A9E5 /* Messages.framework */; };
		7DB290FB1DEBA57600C5A9E5 /* MessagesViewController.swift in Sources */ = {isa = PBXBuildFile; fileRef = 7DB290FA1DEBA57600C5A9E5 /* MessagesViewController.swift */; };
		7DB290FE1DEBA57600C5A9E5 /* MainInterface.storyboard in Resources */ = {isa = PBXBuildFile; fileRef = 7DB290FC1DEBA57600C5A9E5 /* MainInterface.storyboard */; };
		7DB291001DEBA57600C5A9E5 /* Assets.xcassets in Resources */ = {isa = PBXBuildFile; fileRef = 7DB290FF1DEBA57600C5A9E5 /* Assets.xcassets */; };
/* End PBXBuildFile section */

/* Begin PBXContainerItemProxy section */
		7DB290F41DEBA57600C5A9E5 /* PBXContainerItemProxy */ = {
			isa = PBXContainerItemProxy;
			containerPortal = 7DB290E21DEBA57600C5A9E5 /* Project object */;
			proxyType = 1;
			remoteGlobalIDString = 7DB290F11DEBA57600C5A9E5;
			remoteInfo = MessagesExtension;
		};
/* End PBXContainerItemProxy section */

/* Begin PBXCopyFilesBuildPhase section */
		7DB291071DEBA57600C5A9E5 /* Embed App Extensions */ = {
			isa = PBXCopyFilesBuildPhase;
			buildActionMask = 2147483647;
			dstPath = "";
			dstSubfolderSpec = 13;
			files = (
				7DB290F31DEBA57600C5A9E5 /* MessagesExtension.appex in Embed App Extensions */,
			);
			name = "Embed App Extensions";
			runOnlyForDeploymentPostprocessing = 0;
		};
/* End PBXCopyFilesBuildPhase section */

/* Begin PBXFileReference section */
		7DB290E81DEBA57600C5A9E5 /* speedPoker.app */ = {isa = PBXFileReference; explicitFileType = wrapper.application; includeInIndex = 0; path = speedPoker.app; sourceTree = BUILT_PRODUCTS_DIR; };
		7DB290EB1DEBA57600C5A9E5 /* Assets.xcassets */ = {isa = PBXFileReference; lastKnownFileType = folder.assetcatalog; path = Assets.xcassets; sourceTree = "<group>"; };
		7DB290ED1DEBA57600C5A9E5 /* Info.plist */ = {isa = PBXFileReference; lastKnownFileType = text.plist.xml; path = Info.plist; sourceTree = "<group>"; };
		7DB290F21DEBA57600C5A9E5 /* MessagesExtension.appex */ = {isa = PBXFileReference; explicitFileType = "wrapper.app-extension"; includeInIndex = 0; path = MessagesExtension.appex; sourceTree = BUILT_PRODUCTS_DIR; };
		7DB290F71DEBA57600C5A9E5 /* Messages.framework */ = {isa = PBXFileReference; lastKnownFileType = wrapper.framework; name = Messages.framework; path = System/Library/Frameworks/Messages.framework; sourceTree = SDKROOT; };
		7DB290FA1DEBA57600C5A9E5 /* MessagesViewController.swift */ = {isa = PBXFileReference; lastKnownFileType = sourcecode.swift; path = MessagesViewController.swift; sourceTree = "<group>"; };
		7DB290FD1DEBA57600C5A9E5 /* Base */ = {isa = PBXFileReference; lastKnownFileType = file.storyboard; name = Base; path = Base.lproj/MainInterface.storyboard; sourceTree = "<group>"; };
		7DB290FF1DEBA57600C5A9E5 /* Assets.xcassets */ = {isa = PBXFileReference; lastKnownFileType = folder.assetcatalog; path = Assets.xcassets; sourceTree = "<group>"; };
		7DB291011DEBA57600C5A9E5 /* Info.plist */ = {isa = PBXFileReference; lastKnownFileType = text.plist.xml; path = Info.plist; sourceTree = "<group>"; };
/* End PBXFileReference section */

/* Begin PBXFrameworksBuildPhase section */
		7DB290EF1DEBA57600C5A9E5 /* Frameworks */ = {
			isa = PBXFrameworksBuildPhase;
			buildActionMask = 2147483647;
			files = (
				7DB290F81DEBA57600C5A9E5 /* Messages.framework in Frameworks */,
			);
			runOnlyForDeploymentPostprocessing = 0;
		};
/* End PBXFrameworksBuildPhase section */

/* Begin PBXGroup section */
		7DB290E11DEBA57600C5A9E5 = {
			isa = PBXGroup;
			children = (
				7DB290EA1DEBA57600C5A9E5 /* speedPoker */,
				7DB290F91DEBA57600C5A9E5 /* MessagesExtension */,
				7DB290F61DEBA57600C5A9E5 /* Frameworks */,
				7DB290E91DEBA57600C5A9E5 /* Products */,
			);
			sourceTree = "<group>";
		};
		7DB290E91DEBA57600C5A9E5 /* Products */ = {
			isa = PBXGroup;
			children = (
				7DB290E81DEBA57600C5A9E5 /* speedPoker.app */,
				7DB290F21DEBA57600C5A9E5 /* MessagesExtension.appex */,
			);
			name = Products;
			sourceTree = "<group>";
		};
		7DB290EA1DEBA57600C5A9E5 /* speedPoker */ = {
			isa = PBXGroup;
			children = (
				7DB290EB1DEBA57600C5A9E5 /* Assets.xcassets */,
				7DB290ED1DEBA57600C5A9E5 /* Info.plist */,
			);
			path = speedPoker;
			sourceTree = "<group>";
		};
		7DB290F61DEBA57600C5A9E5 /* Frameworks */ = {
			isa = PBXGroup;
			children = (
				7DB290F71DEBA57600C5A9E5 /* Messages.framework */,
			);
			name = Frameworks;
			sourceTree = "<group>";
		};
		7DB290F91DEBA57600C5A9E5 /* MessagesExtension */ = {
			isa = PBXGroup;
			children = (
				7DB290FA1DEBA57600C5A9E5 /* MessagesViewController.swift */,
				7DB290FC1DEBA57600C5A9E5 /* MainInterface.storyboard */,
				7DB290FF1DEBA57600C5A9E5 /* Assets.xcassets */,
				7DB291011DEBA57600C5A9E5 /* Info.plist */,
			);
			path = MessagesExtension;
			sourceTree = "<group>";
		};
/* End PBXGroup section */

/* Begin PBXNativeTarget section */
		7DB290E71DEBA57600C5A9E5 /* speedPoker */ = {
			isa = PBXNativeTarget;
			buildConfigurationList = 7DB291081DEBA57600C5A9E5 /* Build configuration list for PBXNativeTarget "speedPoker" */;
			buildPhases = (
				7DB290E61DEBA57600C5A9E5 /* Resources */,
				7DB291071DEBA57600C5A9E5 /* Embed App Extensions */,
			);
			buildRules = (
			);
			dependencies = (
				7DB290F51DEBA57600C5A9E5 /* PBXTargetDependency */,
			);
			name = speedPoker;
			productName = speedPoker;
			productReference = 7DB290E81DEBA57600C5A9E5 /* speedPoker.app */;
			productType = "com.apple.product-type.application.messages";
		};
		7DB290F11DEBA57600C5A9E5 /* MessagesExtension */ = {
			isa = PBXNativeTarget;
			buildConfigurationList = 7DB291041DEBA57600C5A9E5 /* Build configuration list for PBXNativeTarget "MessagesExtension" */;
			buildPhases = (
				7DB290EE1DEBA57600C5A9E5 /* Sources */,
				7DB290EF1DEBA57600C5A9E5 /* Frameworks */,
				7DB290F01DEBA57600C5A9E5 /* Resources */,
			);
			buildRules = (
			);
			dependencies = (
			);
			name = MessagesExtension;
			productName = MessagesExtension;
			productReference = 7DB290F21DEBA57600C5A9E5 /* MessagesExtension.appex */;
			productType = "com.apple.product-type.app-extension.messages";
		};
/* End PBXNativeTarget section */

/* Begin PBXProject section */
		7DB290E21DEBA57600C5A9E5 /* Project object */ = {
			isa = PBXProject;
			attributes = {
				LastSwiftUpdateCheck = 0810;
				LastUpgradeCheck = 0810;
				ORGANIZATIONNAME = Skunk;
				TargetAttributes = {
					7DB290E71DEBA57600C5A9E5 = {
						CreatedOnToolsVersion = 8.1;
						DevelopmentTeam = VLXD3XNS2Z;
						ProvisioningStyle = Automatic;
					};
					7DB290F11DEBA57600C5A9E5 = {
						CreatedOnToolsVersion = 8.1;
						DevelopmentTeam = VLXD3XNS2Z;
						ProvisioningStyle = Automatic;
					};
				};
			};
			buildConfigurationList = 7DB290E51DEBA57600C5A9E5 /* Build configuration list for PBXProject "speedPoker" */;
			compatibilityVersion = "Xcode 3.2";
			developmentRegion = English;
			hasScannedForEncodings = 0;
			knownRegions = (
				en,
				Base,
			);
			mainGroup = 7DB290E11DEBA57600C5A9E5;
			productRefGroup = 7DB290E91DEBA57600C5A9E5 /* Products */;
			projectDirPath = "";
			projectRoot = "";
			targets = (
				7DB290E71DEBA57600C5A9E5 /* speedPoker */,
				7DB290F11DEBA57600C5A9E5 /* MessagesExtension */,
			);
		};
/* End PBXProject section */

/* Begin PBXResourcesBuildPhase section */
		7DB290E61DEBA57600C5A9E5 /* Resources */ = {
			isa = PBXResourcesBuildPhase;
			buildActionMask = 2147483647;
			files = (
				7DB290EC1DEBA57600C5A9E5 /* Assets.xcassets in Resources */,
			);
			runOnlyForDeploymentPostprocessing = 0;
		};
		7DB290F01DEBA57600C5A9E5 /* Resources */ = {
			isa = PBXResourcesBuildPhase;
			buildActionMask = 2147483647;
			files = (
				7DB291001DEBA57600C5A9E5 /* Assets.xcassets in Resources */,
				7DB290FE1DEBA57600C5A9E5 /* MainInterface.storyboard in Resources */,
			);
			runOnlyForDeploymentPostprocessing = 0;
		};
/* End PBXResourcesBuildPhase section */

/* Begin PBXSourcesBuildPhase section */
		7DB290EE1DEBA57600C5A9E5 /* Sources */ = {
			isa = PBXSourcesBuildPhase;
			buildActionMask = 2147483647;
			files = (
				7DB290FB1DEBA57600C5A9E5 /* MessagesViewController.swift in Sources */,
			);
			runOnlyForDeploymentPostprocessing = 0;
		};
/* End PBXSourcesBuildPhase section */

/* Begin PBXTargetDependency section */
		7DB290F51DEBA57600C5A9E5 /* PBXTargetDependency */ = {
			isa = PBXTargetDependency;
			target = 7DB290F11DEBA57600C5A9E5 /* MessagesExtension */;
			targetProxy = 7DB290F41DEBA57600C5A9E5 /* PBXContainerItemProxy */;
		};
/* End PBXTargetDependency section */

/* Begin PBXVariantGroup section */
		7DB290FC1DEBA57600C5A9E5 /* MainInterface.storyboard */ = {
			isa = PBXVariantGroup;
			children = (
				7DB290FD1DEBA57600C5A9E5 /* Base */,
			);
			name = MainInterface.storyboard;
			sourceTree = "<group>";
		};
/* End PBXVariantGroup section */

/* Begin XCBuildConfiguration section */
		7DB291021DEBA57600C5A9E5 /* Debug */ = {
			isa = XCBuildConfiguration;
			buildSettings = {
				ALWAYS_SEARCH_USER_PATHS = NO;
				CLANG_ANALYZER_NONNULL = YES;
				CLANG_CXX_LANGUAGE_STANDARD = "gnu++0x";
				CLANG_CXX_LIBRARY = "libc++";
				CLANG_ENABLE_MODULES = YES;
				CLANG_ENABLE_OBJC_ARC = YES;
				CLANG_WARN_BOOL_CONVERSION = YES;
				CLANG_WARN_CONSTANT_CONVERSION = YES;
				CLANG_WARN_DIRECT_OBJC_ISA_USAGE = YES_ERROR;
				CLANG_WARN_DOCUMENTATION_COMMENTS = YES;
				CLANG_WARN_EMPTY_BODY = YES;
				CLANG_WARN_ENUM_CONVERSION = YES;
				CLANG_WARN_INFINITE_RECURSION = YES;
				CLANG_WARN_INT_CONVERSION = YES;
				CLANG_WARN_OBJC_ROOT_CLASS = YES_ERROR;
				CLANG_WARN_SUSPICIOUS_MOVES = YES;
				CLANG_WARN_UNREACHABLE_CODE = YES;
				CLANG_WARN__DUPLICATE_METHOD_MATCH = YES;
				"CODE_SIGN_IDENTITY[sdk=iphoneos*]" = "iPhone Developer";
				COPY_PHASE_STRIP = NO;
				DEBUG_INFORMATION_FORMAT = dwarf;
				ENABLE_STRICT_OBJC_MSGSEND = YES;
				ENABLE_TESTABILITY = YES;
				GCC_C_LANGUAGE_STANDARD = gnu99;
				GCC_DYNAMIC_NO_PIC = NO;
				GCC_NO_COMMON_BLOCKS = YES;
				GCC_OPTIMIZATION_LEVEL = 0;
				GCC_PREPROCESSOR_DEFINITIONS = (
					"DEBUG=1",
					"$(inherited)",
				);
				GCC_WARN_64_TO_32_BIT_CONVERSION = YES;
				GCC_WARN_ABOUT_RETURN_TYPE = YES_ERROR;
				GCC_WARN_UNDECLARED_SELECTOR = YES;
				GCC_WARN_UNINITIALIZED_AUTOS = YES_AGGRESSIVE;
				GCC_WARN_UNUSED_FUNCTION = YES;
				GCC_WARN_UNUSED_VARIABLE = YES;
				IPHONEOS_DEPLOYMENT_TARGET = 10.1;
				MTL_ENABLE_DEBUG_INFO = YES;
				ONLY_ACTIVE_ARCH = YES;
				SDKROOT = iphoneos;
				SWIFT_ACTIVE_COMPILATION_CONDITIONS = DEBUG;
				SWIFT_OPTIMIZATION_LEVEL = "-Onone";
				TARGETED_DEVICE_FAMILY = "1,2";
			};
			name = Debug;
		};
		7DB291031DEBA57600C5A9E5 /* Release */ = {
			isa = XCBuildConfiguration;
			buildSettings = {
				ALWAYS_SEARCH_USER_PATHS = NO;
				CLANG_ANALYZER_NONNULL = YES;
				CLANG_CXX_LANGUAGE_STANDARD = "gnu++0x";
				CLANG_CXX_LIBRARY = "libc++";
				CLANG_ENABLE_MODULES = YES;
				CLANG_ENABLE_OBJC_ARC = YES;
				CLANG_WARN_BOOL_CONVERSION = YES;
				CLANG_WARN_CONSTANT_CONVERSION = YES;
				CLANG_WARN_DIRECT_OBJC_ISA_USAGE = YES_ERROR;
				CLANG_WARN_DOCUMENTATION_COMMENTS = YES;
				CLANG_WARN_EMPTY_BODY = YES;
				CLANG_WARN_ENUM_CONVERSION = YES;
				CLANG_WARN_INFINITE_RECURSION = YES;
				CLANG_WARN_INT_CONVERSION = YES;
				CLANG_WARN_OBJC_ROOT_CLASS = YES_ERROR;
				CLANG_WARN_SUSPICIOUS_MOVES = YES;
				CLANG_WARN_UNREACHABLE_CODE = YES;
				CLANG_WARN__DUPLICATE_METHOD_MATCH = YES;
				"CODE_SIGN_IDENTITY[sdk=iphoneos*]" = "iPhone Developer";
				COPY_PHASE_STRIP = NO;
				DEBUG_INFORMATION_FORMAT = "dwarf-with-dsym";
				ENABLE_NS_ASSERTIONS = NO;
				ENABLE_STRICT_OBJC_MSGSEND = YES;
				GCC_C_LANGUAGE_STANDARD = gnu99;
				GCC_NO_COMMON_BLOCKS = YES;
				GCC_WARN_64_TO_32_BIT_CONVERSION = YES;
				GCC_WARN_ABOUT_RETURN_TYPE = YES_ERROR;
				GCC_WARN_UNDECLARED_SELECTOR = YES;
				GCC_WARN_UNINITIALIZED_AUTOS = YES_AGGRESSIVE;
				GCC_WARN_UNUSED_FUNCTION = YES;
				GCC_WARN_UNUSED_VARIABLE = YES;
				IPHONEOS_DEPLOYMENT_TARGET = 10.1;
				MTL_ENABLE_DEBUG_INFO = NO;
				SDKROOT = iphoneos;
				SWIFT_OPTIMIZATION_LEVEL = "-Owholemodule";
				TARGETED_DEVICE_FAMILY = "1,2";
				VALIDATE_PRODUCT = YES;
			};
			name = Release;
		};
		7DB291051DEBA57600C5A9E5 /* Debug */ = {
			isa = XCBuildConfiguration;
			buildSettings = {
				ASSETCATALOG_COMPILER_APPICON_NAME = "iMessage App Icon";
				DEVELOPMENT_TEAM = VLXD3XNS2Z;
				INFOPLIST_FILE = MessagesExtension/Info.plist;
				LD_RUNPATH_SEARCH_PATHS = "$(inherited) @executable_path/Frameworks @executable_path/../../Frameworks";
				PRODUCT_BUNDLE_IDENTIFIER = tech.burstein.speedPoker.MessagesExtension;
				PRODUCT_NAME = "$(TARGET_NAME)";
				SKIP_INSTALL = YES;
				SWIFT_VERSION = 3.0;
			};
			name = Debug;
		};
		7DB291061DEBA57600C5A9E5 /* Release */ = {
			isa = XCBuildConfiguration;
			buildSettings = {
				ASSETCATALOG_COMPILER_APPICON_NAME = "iMessage App Icon";
				DEVELOPMENT_TEAM = VLXD3XNS2Z;
				INFOPLIST_FILE = MessagesExtension/Info.plist;
				LD_RUNPATH_SEARCH_PATHS = "$(inherited) @executable_path/Frameworks @executable_path/../../Frameworks";
				PRODUCT_BUNDLE_IDENTIFIER = tech.burstein.speedPoker.MessagesExtension;
				PRODUCT_NAME = "$(TARGET_NAME)";
				SKIP_INSTALL = YES;
				SWIFT_VERSION = 3.0;
			};
			name = Release;
		};
		7DB291091DEBA57600C5A9E5 /* Debug */ = {
			isa = XCBuildConfiguration;
			buildSettings = {
				ALWAYS_EMBED_SWIFT_STANDARD_LIBRARIES = YES;
				ASSETCATALOG_COMPILER_APPICON_NAME = AppIcon;
				DEVELOPMENT_TEAM = VLXD3XNS2Z;
				INFOPLIST_FILE = speedPoker/Info.plist;
				PRODUCT_BUNDLE_IDENTIFIER = tech.burstein.speedPoker;
				PRODUCT_NAME = "$(TARGET_NAME)";
				SWIFT_VERSION = 3.0;
			};
			name = Debug;
		};
		7DB2910A1DEBA57600C5A9E5 /* Release */ = {
			isa = XCBuildConfiguration;
			buildSettings = {
				ALWAYS_EMBED_SWIFT_STANDARD_LIBRARIES = YES;
				ASSETCATALOG_COMPILER_APPICON_NAME = AppIcon;
				DEVELOPMENT_TEAM = VLXD3XNS2Z;
				INFOPLIST_FILE = speedPoker/Info.plist;
				PRODUCT_BUNDLE_IDENTIFIER = tech.burstein.speedPoker;
				PRODUCT_NAME = "$(TARGET_NAME)";
				SWIFT_VERSION = 3.0;
			};
			name = Release;
		};
/* End XCBuildConfiguration section */

/* Begin XCConfigurationList section */
		7DB290E51DEBA57600C5A9E5 /* Build configuration list for PBXProject "speedPoker" */ = {
			isa = XCConfigurationList;
			buildConfigurations = (
				7DB291021DEBA57600C5A9E5 /* Debug */,
				7DB291031DEBA57600C5A9E5 /* Release */,
			);
			defaultConfigurationIsVisible = 0;
			defaultConfigurationName = Release;
		};
		7DB291041DEBA57600C5A9E5 /* Build configuration list for PBXNativeTarget "MessagesExtension" */ = {
			isa = XCConfigurationList;
			buildConfigurations = (
				7DB291051DEBA57600C5A9E5 /* Debug */,
				7DB291061DEBA57600C5A9E5 /* Release */,
			);
			defaultConfigurationIsVisible = 0;
		};
		7DB291081DEBA57600C5A9E5 /* Build configuration list for PBXNativeTarget "speedPoker" */ = {
			isa = XCConfigurationList;
			buildConfigurations = (
				7DB291091DEBA57600C5A9E5 /* Debug */,
				7DB2910A1DEBA57600C5A9E5 /* Release */,
			);
			defaultConfigurationIsVisible = 0;
		};
/* End XCConfigurationList section */
	};
	rootObject = 7DB290E21DEBA57600C5A9E5 /* Project object */;
}
